
Microsoft Visual Studio Solution File, Format Version 12.00
# Visual Studio Version 16
VisualStudioVersion = 16.0.31019.35
MinimumVisualStudioVersion = 10.0.40219.1
Project("{2150E333-8FDC-42A3-9474-1A3956D46DE8}") = "src", "src", "{9B1765D7-4E42-4717-A092-040E4B09BF5D}"
EndProject
Project("{FAE04EC0-301F-11D3-BF4B-00C04F79EFBC}") = "BusinessCustomer.Api", "BusinessCustomer.Api\BusinessCustomer.Api.csproj", "{66BD5894-C450-4C16-8D3D-07E73B14D08D}"
EndProject
Project("{FAE04EC0-301F-11D3-BF4B-00C04F79EFBC}") = "BusinessCustomer.Domain", "BusinessCustomer.Domain\BusinessCustomer.Domain.csproj", "{686FB818-C3EB-46F1-A4D1-506F64242E08}"
EndProject
Project("{FAE04EC0-301F-11D3-BF4B-00C04F79EFBC}") = "BusinessCustomer.Infrastructure", "BusinessCustomer.Interface\BusinessCustomer.Infrastructure.csproj", "{DB22F2CC-30D3-4EBA-85B9-21AFF6AC78FB}"
EndProject
Project("{2150E333-8FDC-42A3-9474-1A3956D46DE8}") = "tests", "tests", "{98CB1240-ACBD-4ECC-B16E-562C56195686}"
EndProject
Project("{2150E333-8FDC-42A3-9474-1A3956D46DE8}") = "Unit", "Unit", "{2529DFB6-01A4-4CDC-81D6-0FFB8409FF74}"
EndProject
Project("{FAE04EC0-301F-11D3-BF4B-00C04F79EFBC}") = "BusinessCustomer.Api.Test", "BusinessCustomer.Api.Test\BusinessCustomer.Api.Test.csproj", "{C411C446-2AE5-4C67-AB1F-5AB95F7F1FDB}"
EndProject
Project("{FAE04EC0-301F-11D3-BF4B-00C04F79EFBC}") = "BusinessCustomer.Domain.Test", "BusinessCustomer.Domain.Test\BusinessCustomer.Domain.Test.csproj", "{8DB2175A-76B5-48AE-B414-04B5F52E95BE}"
EndProject
Project("{FAE04EC0-301F-11D3-BF4B-00C04F79EFBC}") = "BusinessCustomer.Infrastructure.Test", "BusinessCustomer.Infrastructure.Test\BusinessCustomer.Infrastructure.Test.csproj", "{71F43A93-35B4-48AD-A8D6-4B44B2E47730}"
EndProject
Global
	GlobalSection(SolutionConfigurationPlatforms) = preSolution
		Debug|Any CPU = Debug|Any CPU
		Release|Any CPU = Release|Any CPU
	EndGlobalSection
	GlobalSection(ProjectConfigurationPlatforms) = postSolution
		{66BD5894-C450-4C16-8D3D-07E73B14D08D}.Debug|Any CPU.ActiveCfg = Debug|Any CPU
		{66BD5894-C450-4C16-8D3D-07E73B14D08D}.Debug|Any CPU.Build.0 = Debug|Any CPU
		{66BD5894-C450-4C16-8D3D-07E73B14D08D}.Release|Any CPU.ActiveCfg = Release|Any CPU
		{66BD5894-C450-4C16-8D3D-07E73B14D08D}.Release|Any CPU.Build.0 = Release|Any CPU
		{686FB818-C3EB-46F1-A4D1-506F64242E08}.Debug|Any CPU.ActiveCfg = Debug|Any CPU
		{686FB818-C3EB-46F1-A4D1-506F64242E08}.Debug|Any CPU.Build.0 = Debug|Any CPU
		{686FB818-C3EB-46F1-A4D1-506F64242E08}.Release|Any CPU.ActiveCfg = Release|Any CPU
		{686FB818-C3EB-46F1-A4D1-506F64242E08}.Release|Any CPU.Build.0 = Release|Any CPU
		{DB22F2CC-30D3-4EBA-85B9-21AFF6AC78FB}.Debug|Any CPU.ActiveCfg = Debug|Any CPU
		{DB22F2CC-30D3-4EBA-85B9-21AFF6AC78FB}.Debug|Any CPU.Build.0 = Debug|Any CPU
		{DB22F2CC-30D3-4EBA-85B9-21AFF6AC78FB}.Release|Any CPU.ActiveCfg = Release|Any CPU
		{DB22F2CC-30D3-4EBA-85B9-21AFF6AC78FB}.Release|Any CPU.Build.0 = Release|Any CPU
		{C411C446-2AE5-4C67-AB1F-5AB95F7F1FDB}.Debug|Any CPU.ActiveCfg = Debug|Any CPU
		{C411C446-2AE5-4C67-AB1F-5AB95F7F1FDB}.Debug|Any CPU.Build.0 = Debug|Any CPU
		{C411C446-2AE5-4C67-AB1F-5AB95F7F1FDB}.Release|Any CPU.ActiveCfg = Release|Any CPU
		{C411C446-2AE5-4C67-AB1F-5AB95F7F1FDB}.Release|Any CPU.Build.0 = Release|Any CPU
		{8DB2175A-76B5-48AE-B414-04B5F52E95BE}.Debug|Any CPU.ActiveCfg = Debug|Any CPU
		{8DB2175A-76B5-48AE-B414-04B5F52E95BE}.Debug|Any CPU.Build.0 = Debug|Any CPU
		{8DB2175A-76B5-48AE-B414-04B5F52E95BE}.Release|Any CPU.ActiveCfg = Release|Any CPU
		{8DB2175A-76B5-48AE-B414-04B5F52E95BE}.Release|Any CPU.Build.0 = Release|Any CPU
		{71F43A93-35B4-48AD-A8D6-4B44B2E47730}.Debug|Any CPU.ActiveCfg = Debug|Any CPU
		{71F43A93-35B4-48AD-A8D6-4B44B2E47730}.Debug|Any CPU.Build.0 = Debug|Any CPU
		{71F43A93-35B4-48AD-A8D6-4B44B2E47730}.Release|Any CPU.ActiveCfg = Release|Any CPU
		{71F43A93-35B4-48AD-A8D6-4B44B2E47730}.Release|Any CPU.Build.0 = Release|Any CPU
	EndGlobalSection
	GlobalSection(SolutionProperties) = preSolution
		HideSolutionNode = FALSE
	EndGlobalSection
	GlobalSection(NestedProjects) = preSolution
		{66BD5894-C450-4C16-8D3D-07E73B14D08D} = {9B1765D7-4E42-4717-A092-040E4B09BF5D}
		{686FB818-C3EB-46F1-A4D1-506F64242E08} = {9B1765D7-4E42-4717-A092-040E4B09BF5D}
		{DB22F2CC-30D3-4EBA-85B9-21AFF6AC78FB} = {9B1765D7-4E42-4717-A092-040E4B09BF5D}
		{2529DFB6-01A4-4CDC-81D6-0FFB8409FF74} = {98CB1240-ACBD-4ECC-B16E-562C56195686}
		{C411C446-2AE5-4C67-AB1F-5AB95F7F1FDB} = {2529DFB6-01A4-4CDC-81D6-0FFB8409FF74}
		{8DB2175A-76B5-48AE-B414-04B5F52E95BE} = {2529DFB6-01A4-4CDC-81D6-0FFB8409FF74}
		{71F43A93-35B4-48AD-A8D6-4B44B2E47730} = {2529DFB6-01A4-4CDC-81D6-0FFB8409FF74}
	EndGlobalSection
	GlobalSection(ExtensibilityGlobals) = postSolution
		SolutionGuid = {A6F23CD8-6FC5-47EB-97B4-2DB85B661645}
	EndGlobalSection
EndGlobal
